
Microsoft Visual Studio Solution File, Format Version 12.00
Project("{FAE04EC0-301F-11D3-BF4B-00C04F79EFBC}") = "CommandsService", "CommandsService.csproj", "{72D69410-7BCE-4D02-A504-D4296B92FD96}"
EndProject
Project("{2150E333-8FDC-42A3-9474-1A3956D46DE8}") = "Solution Items", "Solution Items", "{BF1B341D-834B-42DE-A5F7-39FCC80D6B71}"
	ProjectSection(SolutionItems) = preProject
		docker-compose.yml = docker-compose.yml
	EndProjectSection
EndProject
Global
	GlobalSection(SolutionConfigurationPlatforms) = preSolution
		Debug|Any CPU = Debug|Any CPU
		Release|Any CPU = Release|Any CPU
	EndGlobalSection
	GlobalSection(ProjectConfigurationPlatforms) = postSolution
		{72D69410-7BCE-4D02-A504-D4296B92FD96}.Debug|Any CPU.ActiveCfg = Debug|Any CPU
		{72D69410-7BCE-4D02-A504-D4296B92FD96}.Debug|Any CPU.Build.0 = Debug|Any CPU
		{72D69410-7BCE-4D02-A504-D4296B92FD96}.Release|Any CPU.ActiveCfg = Release|Any CPU
		{72D69410-7BCE-4D02-A504-D4296B92FD96}.Release|Any CPU.Build.0 = Release|Any CPU
	EndGlobalSection
EndGlobal
